
Microsoft Visual Studio Solution File, Format Version 12.00
# Visual Studio Version 18
VisualStudioVersion = 18.1.11304.174
MinimumVisualStudioVersion = 10.0.40219.1
Project("{FAE04EC0-301F-11D3-BF4B-00C04F79EFBC}") = "Base.Contracts", "Base.Contracts\Base.Contracts.csproj", "{C986C2FF-1BF6-4ACC-B8F8-26B8BFA29A2B}"
EndProject
Project("{FAE04EC0-301F-11D3-BF4B-00C04F79EFBC}") = "Base.Entity", "Base.Entity\Base.Entity.csproj", "{8FCB3DCD-2AD4-47AA-A77A-28186218F8F1}"
EndProject
Project("{FAE04EC0-301F-11D3-BF4B-00C04F79EFBC}") = "Base.Data", "Base.Data\Base.Data.csproj", "{0089DBF6-FC85-42EB-9D2D-5EFC919947A0}"
EndProject
Project("{FAE04EC0-301F-11D3-BF4B-00C04F79EFBC}") = "Base.DTO", "Base.DTO\Base.DTO.csproj", "{621366D4-5D18-4A97-84AD-848A9CCACEFD}"
EndProject
Project("{FAE04EC0-301F-11D3-BF4B-00C04F79EFBC}") = "Coin.API", "Coin.API\Coin.API.csproj", "{32A442CA-BF54-4FDC-A189-A547129F51D9}"
EndProject
Project("{FAE04EC0-301F-11D3-BF4B-00C04F79EFBC}") = "Coin.Contracts", "Coin.Contracts\Coin.Contracts.csproj", "{E07B226C-B606-463D-8345-6E0B3AB87BA5}"
EndProject
Project("{FAE04EC0-301F-11D3-BF4B-00C04F79EFBC}") = "Coin.DTO", "Coin.DTO\Coin.DTO.csproj", "{AF64F3DC-9A99-4B39-B5CB-7C2A4EB0C1C6}"
EndProject
Project("{FAE04EC0-301F-11D3-BF4B-00C04F79EFBC}") = "Coin.Entity", "Coin.Entity\Coin.Entity.csproj", "{F98479B0-7D60-43D7-9F35-39C2D8F27FA1}"
EndProject
Project("{FAE04EC0-301F-11D3-BF4B-00C04F79EFBC}") = "Coin.Data", "Coin.Data\Coin.Data.csproj", "{46892FFE-6DB2-43D9-A98D-4D9A90B7BF33}"
EndProject
Project("{FAE04EC0-301F-11D3-BF4B-00C04F79EFBC}") = "Coin.Logic", "Coin.Logic\Coin.Logic.csproj", "{F159201C-2803-4718-A208-9C58A8EB3B61}"
EndProject
Global
	GlobalSection(SolutionConfigurationPlatforms) = preSolution
		Debug|Any CPU = Debug|Any CPU
		Debug|x64 = Debug|x64
		Debug|x86 = Debug|x86
		Release|Any CPU = Release|Any CPU
		Release|x64 = Release|x64
		Release|x86 = Release|x86
	EndGlobalSection
	GlobalSection(ProjectConfigurationPlatforms) = postSolution
		{C986C2FF-1BF6-4ACC-B8F8-26B8BFA29A2B}.Debug|Any CPU.ActiveCfg = Debug|Any CPU
		{C986C2FF-1BF6-4ACC-B8F8-26B8BFA29A2B}.Debug|Any CPU.Build.0 = Debug|Any CPU
		{C986C2FF-1BF6-4ACC-B8F8-26B8BFA29A2B}.Debug|x64.ActiveCfg = Debug|Any CPU
		{C986C2FF-1BF6-4ACC-B8F8-26B8BFA29A2B}.Debug|x64.Build.0 = Debug|Any CPU
		{C986C2FF-1BF6-4ACC-B8F8-26B8BFA29A2B}.Debug|x86.ActiveCfg = Debug|Any CPU
		{C986C2FF-1BF6-4ACC-B8F8-26B8BFA29A2B}.Debug|x86.Build.0 = Debug|Any CPU
		{C986C2FF-1BF6-4ACC-B8F8-26B8BFA29A2B}.Release|Any CPU.ActiveCfg = Release|Any CPU
		{C986C2FF-1BF6-4ACC-B8F8-26B8BFA29A2B}.Release|Any CPU.Build.0 = Release|Any CPU
		{C986C2FF-1BF6-4ACC-B8F8-26B8BFA29A2B}.Release|x64.ActiveCfg = Release|Any CPU
		{C986C2FF-1BF6-4ACC-B8F8-26B8BFA29A2B}.Release|x64.Build.0 = Release|Any CPU
		{C986C2FF-1BF6-4ACC-B8F8-26B8BFA29A2B}.Release|x86.ActiveCfg = Release|Any CPU
		{C986C2FF-1BF6-4ACC-B8F8-26B8BFA29A2B}.Release|x86.Build.0 = Release|Any CPU
		{8FCB3DCD-2AD4-47AA-A77A-28186218F8F1}.Debug|Any CPU.ActiveCfg = Debug|Any CPU
		{8FCB3DCD-2AD4-47AA-A77A-28186218F8F1}.Debug|Any CPU.Build.0 = Debug|Any CPU
		{8FCB3DCD-2AD4-47AA-A77A-28186218F8F1}.Debug|x64.ActiveCfg = Debug|Any CPU
		{8FCB3DCD-2AD4-47AA-A77A-28186218F8F1}.Debug|x64.Build.0 = Debug|Any CPU
		{8FCB3DCD-2AD4-47AA-A77A-28186218F8F1}.Debug|x86.ActiveCfg = Debug|Any CPU
		{8FCB3DCD-2AD4-47AA-A77A-28186218F8F1}.Debug|x86.Build.0 = Debug|Any CPU
		{8FCB3DCD-2AD4-47AA-A77A-28186218F8F1}.Release|Any CPU.ActiveCfg = Release|Any CPU
		{8FCB3DCD-2AD4-47AA-A77A-28186218F8F1}.Release|Any CPU.Build.0 = Release|Any CPU
		{8FCB3DCD-2AD4-47AA-A77A-28186218F8F1}.Release|x64.ActiveCfg = Release|Any CPU
		{8FCB3DCD-2AD4-47AA-A77A-28186218F8F1}.Release|x64.Build.0 = Release|Any CPU
		{8FCB3DCD-2AD4-47AA-A77A-28186218F8F1}.Release|x86.ActiveCfg = Release|Any CPU
		{8FCB3DCD-2AD4-47AA-A77A-28186218F8F1}.Release|x86.Build.0 = Release|Any CPU
		{0089DBF6-FC85-42EB-9D2D-5EFC919947A0}.Debug|Any CPU.ActiveCfg = Debug|Any CPU
		{0089DBF6-FC85-42EB-9D2D-5EFC919947A0}.Debug|Any CPU.Build.0 = Debug|Any CPU
		{0089DBF6-FC85-42EB-9D2D-5EFC919947A0}.Debug|x64.ActiveCfg = Debug|Any CPU
		{0089DBF6-FC85-42EB-9D2D-5EFC919947A0}.Debug|x64.Build.0 = Debug|Any CPU
		{0089DBF6-FC85-42EB-9D2D-5EFC919947A0}.Debug|x86.ActiveCfg = Debug|Any CPU
		{0089DBF6-FC85-42EB-9D2D-5EFC919947A0}.Debug|x86.Build.0 = Debug|Any CPU
		{0089DBF6-FC85-42EB-9D2D-5EFC919947A0}.Release|Any CPU.ActiveCfg = Release|Any CPU
		{0089DBF6-FC85-42EB-9D2D-5EFC919947A0}.Release|Any CPU.Build.0 = Release|Any CPU
		{0089DBF6-FC85-42EB-9D2D-5EFC919947A0}.Release|x64.ActiveCfg = Release|Any CPU
		{0089DBF6-FC85-42EB-9D2D-5EFC919947A0}.Release|x64.Build.0 = Release|Any CPU
		{0089DBF6-FC85-42EB-9D2D-5EFC919947A0}.Release|x86.ActiveCfg = Release|Any CPU
		{0089DBF6-FC85-42EB-9D2D-5EFC919947A0}.Release|x86.Build.0 = Release|Any CPU
		{621366D4-5D18-4A97-84AD-848A9CCACEFD}.Debug|Any CPU.ActiveCfg = Debug|Any CPU
		{621366D4-5D18-4A97-84AD-848A9CCACEFD}.Debug|Any CPU.Build.0 = Debug|Any CPU
		{621366D4-5D18-4A97-84AD-848A9CCACEFD}.Debug|x64.ActiveCfg = Debug|Any CPU
		{621366D4-5D18-4A97-84AD-848A9CCACEFD}.Debug|x64.Build.0 = Debug|Any CPU
		{621366D4-5D18-4A97-84AD-848A9CCACEFD}.Debug|x86.ActiveCfg = Debug|Any CPU
		{621366D4-5D18-4A97-84AD-848A9CCACEFD}.Debug|x86.Build.0 = Debug|Any CPU
		{621366D4-5D18-4A97-84AD-848A9CCACEFD}.Release|Any CPU.ActiveCfg = Release|Any CPU
		{621366D4-5D18-4A97-84AD-848A9CCACEFD}.Release|Any CPU.Build.0 = Release|Any CPU
		{621366D4-5D18-4A97-84AD-848A9CCACEFD}.Release|x64.ActiveCfg = Release|Any CPU
		{621366D4-5D18-4A97-84AD-848A9CCACEFD}.Release|x64.Build.0 = Release|Any CPU
		{621366D4-5D18-4A97-84AD-848A9CCACEFD}.Release|x86.ActiveCfg = Release|Any CPU
		{621366D4-5D18-4A97-84AD-848A9CCACEFD}.Release|x86.Build.0 = Release|Any CPU
		{32A442CA-BF54-4FDC-A189-A547129F51D9}.Debug|Any CPU.ActiveCfg = Debug|Any CPU
		{32A442CA-BF54-4FDC-A189-A547129F51D9}.Debug|Any CPU.Build.0 = Debug|Any CPU
		{32A442CA-BF54-4FDC-A189-A547129F51D9}.Debug|x64.ActiveCfg = Debug|Any CPU
		{32A442CA-BF54-4FDC-A189-A547129F51D9}.Debug|x64.Build.0 = Debug|Any CPU
		{32A442CA-BF54-4FDC-A189-A547129F51D9}.Debug|x86.ActiveCfg = Debug|Any CPU
		{32A442CA-BF54-4FDC-A189-A547129F51D9}.Debug|x86.Build.0 = Debug|Any CPU
		{32A442CA-BF54-4FDC-A189-A547129F51D9}.Release|Any CPU.ActiveCfg = Release|Any CPU
		{32A442CA-BF54-4FDC-A189-A547129F51D9}.Release|Any CPU.Build.0 = Release|Any CPU
		{32A442CA-BF54-4FDC-A189-A547129F51D9}.Release|x64.ActiveCfg = Release|Any CPU
		{32A442CA-BF54-4FDC-A189-A547129F51D9}.Release|x64.Build.0 = Release|Any CPU
		{32A442CA-BF54-4FDC-A189-A547129F51D9}.Release|x86.ActiveCfg = Release|Any CPU
		{32A442CA-BF54-4FDC-A189-A547129F51D9}.Release|x86.Build.0 = Release|Any CPU
		{E07B226C-B606-463D-8345-6E0B3AB87BA5}.Debug|Any CPU.ActiveCfg = Debug|Any CPU
		{E07B226C-B606-463D-8345-6E0B3AB87BA5}.Debug|Any CPU.Build.0 = Debug|Any CPU
		{E07B226C-B606-463D-8345-6E0B3AB87BA5}.Debug|x64.ActiveCfg = Debug|Any CPU
		{E07B226C-B606-463D-8345-6E0B3AB87BA5}.Debug|x64.Build.0 = Debug|Any CPU
		{E07B226C-B606-463D-8345-6E0B3AB87BA5}.Debug|x86.ActiveCfg = Debug|Any CPU
		{E07B226C-B606-463D-8345-6E0B3AB87BA5}.Debug|x86.Build.0 = Debug|Any CPU
		{E07B226C-B606-463D-8345-6E0B3AB87BA5}.Release|Any CPU.ActiveCfg = Release|Any CPU
		{E07B226C-B606-463D-8345-6E0B3AB87BA5}.Release|Any CPU.Build.0 = Release|Any CPU
		{E07B226C-B606-463D-8345-6E0B3AB87BA5}.Release|x64.ActiveCfg = Release|Any CPU
		{E07B226C-B606-463D-8345-6E0B3AB87BA5}.Release|x64.Build.0 = Release|Any CPU
		{E07B226C-B606-463D-8345-6E0B3AB87BA5}.Release|x86.ActiveCfg = Release|Any CPU
		{E07B226C-B606-463D-8345-6E0B3AB87BA5}.Release|x86.Build.0 = Release|Any CPU
		{AF64F3DC-9A99-4B39-B5CB-7C2A4EB0C1C6}.Debug|Any CPU.ActiveCfg = Debug|Any CPU
		{AF64F3DC-9A99-4B39-B5CB-7C2A4EB0C1C6}.Debug|Any CPU.Build.0 = Debug|Any CPU
		{AF64F3DC-9A99-4B39-B5CB-7C2A4EB0C1C6}.Debug|x64.ActiveCfg = Debug|Any CPU
		{AF64F3DC-9A99-4B39-B5CB-7C2A4EB0C1C6}.Debug|x64.Build.0 = Debug|Any CPU
		{AF64F3DC-9A99-4B39-B5CB-7C2A4EB0C1C6}.Debug|x86.ActiveCfg = Debug|Any CPU
		{AF64F3DC-9A99-4B39-B5CB-7C2A4EB0C1C6}.Debug|x86.Build.0 = Debug|Any CPU
		{AF64F3DC-9A99-4B39-B5CB-7C2A4EB0C1C6}.Release|Any CPU.ActiveCfg = Release|Any CPU
		{AF64F3DC-9A99-4B39-B5CB-7C2A4EB0C1C6}.Release|Any CPU.Build.0 = Release|Any CPU
		{AF64F3DC-9A99-4B39-B5CB-7C2A4EB0C1C6}.Release|x64.ActiveCfg = Release|Any CPU
		{AF64F3DC-9A99-4B39-B5CB-7C2A4EB0C1C6}.Release|x64.Build.0 = Release|Any CPU
		{AF64F3DC-9A99-4B39-B5CB-7C2A4EB0C1C6}.Release|x86.ActiveCfg = Release|Any CPU
		{AF64F3DC-9A99-4B39-B5CB-7C2A4EB0C1C6}.Release|x86.Build.0 = Release|Any CPU
		{F98479B0-7D60-43D7-9F35-39C2D8F27FA1}.Debug|Any CPU.ActiveCfg = Debug|Any CPU
		{F98479B0-7D60-43D7-9F35-39C2D8F27FA1}.Debug|Any CPU.Build.0 = Debug|Any CPU
		{F98479B0-7D60-43D7-9F35-39C2D8F27FA1}.Debug|x64.ActiveCfg = Debug|Any CPU
		{F98479B0-7D60-43D7-9F35-39C2D8F27FA1}.Debug|x64.Build.0 = Debug|Any CPU
		{F98479B0-7D60-43D7-9F35-39C2D8F27FA1}.Debug|x86.ActiveCfg = Debug|Any CPU
		{F98479B0-7D60-43D7-9F35-39C2D8F27FA1}.Debug|x86.Build.0 = Debug|Any CPU
		{F98479B0-7D60-43D7-9F35-39C2D8F27FA1}.Release|Any CPU.ActiveCfg = Release|Any CPU
		{F98479B0-7D60-43D7-9F35-39C2D8F27FA1}.Release|Any CPU.Build.0 = Release|Any CPU
		{F98479B0-7D60-43D7-9F35-39C2D8F27FA1}.Release|x64.ActiveCfg = Release|Any CPU
		{F98479B0-7D60-43D7-9F35-39C2D8F27FA1}.Release|x64.Build.0 = Release|Any CPU
		{F98479B0-7D60-43D7-9F35-39C2D8F27FA1}.Release|x86.ActiveCfg = Release|Any CPU
		{F98479B0-7D60-43D7-9F35-39C2D8F27FA1}.Release|x86.Build.0 = Release|Any CPU
		{46892FFE-6DB2-43D9-A98D-4D9A90B7BF33}.Debug|Any CPU.ActiveCfg = Debug|Any CPU
		{46892FFE-6DB2-43D9-A98D-4D9A90B7BF33}.Debug|Any CPU.Build.0 = Debug|Any CPU
		{46892FFE-6DB2-43D9-A98D-4D9A90B7BF33}.Debug|x64.ActiveCfg = Debug|Any CPU
		{46892FFE-6DB2-43D9-A98D-4D9A90B7BF33}.Debug|x64.Build.0 = Debug|Any CPU
		{46892FFE-6DB2-43D9-A98D-4D9A90B7BF33}.Debug|x86.ActiveCfg = Debug|Any CPU
		{46892FFE-6DB2-43D9-A98D-4D9A90B7BF33}.Debug|x86.Build.0 = Debug|Any CPU
		{46892FFE-6DB2-43D9-A98D-4D9A90B7BF33}.Release|Any CPU.ActiveCfg = Release|Any CPU
		{46892FFE-6DB2-43D9-A98D-4D9A90B7BF33}.Release|Any CPU.Build.0 = Release|Any CPU
		{46892FFE-6DB2-43D9-A98D-4D9A90B7BF33}.Release|x64.ActiveCfg = Release|Any CPU
		{46892FFE-6DB2-43D9-A98D-4D9A90B7BF33}.Release|x64.Build.0 = Release|Any CPU
		{46892FFE-6DB2-43D9-A98D-4D9A90B7BF33}.Release|x86.ActiveCfg = Release|Any CPU
		{46892FFE-6DB2-43D9-A98D-4D9A90B7BF33}.Release|x86.Build.0 = Release|Any CPU
		{F159201C-2803-4718-A208-9C58A8EB3B61}.Debug|Any CPU.ActiveCfg = Debug|Any CPU
		{F159201C-2803-4718-A208-9C58A8EB3B61}.Debug|Any CPU.Build.0 = Debug|Any CPU
		{F159201C-2803-4718-A208-9C58A8EB3B61}.Debug|x64.ActiveCfg = Debug|Any CPU
		{F159201C-2803-4718-A208-9C58A8EB3B61}.Debug|x64.Build.0 = Debug|Any CPU
		{F159201C-2803-4718-A208-9C58A8EB3B61}.Debug|x86.ActiveCfg = Debug|Any CPU
		{F159201C-2803-4718-A208-9C58A8EB3B61}.Debug|x86.Build.0 = Debug|Any CPU
		{F159201C-2803-4718-A208-9C58A8EB3B61}.Release|Any CPU.ActiveCfg = Release|Any CPU
		{F159201C-2803-4718-A208-9C58A8EB3B61}.Release|Any CPU.Build.0 = Release|Any CPU
		{F159201C-2803-4718-A208-9C58A8EB3B61}.Release|x64.ActiveCfg = Release|Any CPU
		{F159201C-2803-4718-A208-9C58A8EB3B61}.Release|x64.Build.0 = Release|Any CPU
		{F159201C-2803-4718-A208-9C58A8EB3B61}.Release|x86.ActiveCfg = Release|Any CPU
		{F159201C-2803-4718-A208-9C58A8EB3B61}.Release|x86.Build.0 = Release|Any CPU
	EndGlobalSection
	GlobalSection(SolutionProperties) = preSolution
		HideSolutionNode = FALSE
	EndGlobalSection
	GlobalSection(ExtensibilityGlobals) = postSolution
		SolutionGuid = {4453230A-B18E-4D22-BEC7-4BD9FCDC7014}
	EndGlobalSection
EndGlobal
