
Microsoft Visual Studio Solution File, Format Version 12.00
# Visual Studio Version 17
VisualStudioVersion = 17.2.32630.192
MinimumVisualStudioVersion = 10.0.40219.1
Project("{2150E333-8FDC-42A3-9474-1A3956D46DE8}") = "Coin", "Coin", "{2A8E2544-367F-4185-ADCA-16862EB0D761}"
EndProject
Project("{2150E333-8FDC-42A3-9474-1A3956D46DE8}") = "Letter", "Letter", "{22F9F14E-E405-44F4-A91A-4E7F5C182949}"
EndProject
Project("{9A19103F-16F7-4668-BE54-9A1E7A4F7556}") = "Letter.API", "Letter.API\Letter.API.csproj", "{AF33DFDA-4B7A-4EF2-901D-2338DF152778}"
EndProject
Project("{9A19103F-16F7-4668-BE54-9A1E7A4F7556}") = "Letter.Logic", "Letter.Logic\Letter.Logic.csproj", "{2A27233B-AEAD-4C26-89B8-B765DBF4C68C}"
EndProject
Project("{9A19103F-16F7-4668-BE54-9A1E7A4F7556}") = "Letter.Entity", "Letter.Entity\Letter.Entity.csproj", "{8B89CAEB-689E-4CF7-B110-A4991E176D2E}"
EndProject
Project("{9A19103F-16F7-4668-BE54-9A1E7A4F7556}") = "Letter.Data", "Letter.Data\Letter.Data.csproj", "{880F9569-0EA8-4C73-B9D5-77FF745250A4}"
EndProject
Project("{9A19103F-16F7-4668-BE54-9A1E7A4F7556}") = "Letter.Contracts", "Letter.Contracts\Letter.Contracts.csproj", "{34E68DF2-070A-47B9-A934-87B8EAC8B1AC}"
EndProject
Project("{9A19103F-16F7-4668-BE54-9A1E7A4F7556}") = "Letter.DTO", "Leto.DTO\Letter.DTO.csproj", "{81F9897F-8B88-4265-BBA9-7662B45BD2DF}"
EndProject
Project("{2150E333-8FDC-42A3-9474-1A3956D46DE8}") = "Base", "Base", "{CAD4374F-4B19-4567-A667-68A2AE7B116F}"
EndProject
Project("{9A19103F-16F7-4668-BE54-9A1E7A4F7556}") = "Base.DTO", "Base.DTO\Base.DTO.csproj", "{08F190F8-B3AD-423C-A26A-C5E349F4333E}"
EndProject
Project("{9A19103F-16F7-4668-BE54-9A1E7A4F7556}") = "Base.Entity", "Base.Entity\Base.Entity.csproj", "{CBDD5E51-B229-41D7-A379-66AB3CE38E28}"
EndProject
Project("{9A19103F-16F7-4668-BE54-9A1E7A4F7556}") = "Base.Contracts", "Base.Contracts\Base.Contracts.csproj", "{53A33E7A-3EC3-4BC5-BF0B-4B187CC673E0}"
EndProject
Project("{9A19103F-16F7-4668-BE54-9A1E7A4F7556}") = "Base.Data", "Base.Data\Base.Data.csproj", "{FB5180F5-8025-457F-B175-D881647252EB}"
EndProject
Project("{9A19103F-16F7-4668-BE54-9A1E7A4F7556}") = "Сoin.API", "Сoin.API\Сoin.API.csproj", "{0BB21823-B345-4524-9C56-37AA2DA595B3}"
EndProject
Project("{9A19103F-16F7-4668-BE54-9A1E7A4F7556}") = "Сoin.Contracts", "Сoin.Contracts\Сoin.Contracts.csproj", "{1E4A1B31-43E0-454E-BE65-5FDB0F47C7FA}"
EndProject
Project("{9A19103F-16F7-4668-BE54-9A1E7A4F7556}") = "Сoin.Data", "Сoin.Data\Сoin.Data.csproj", "{DF7DA9B1-F4C9-48A1-9EC2-9EBFD4C0AE30}"
EndProject
Project("{9A19103F-16F7-4668-BE54-9A1E7A4F7556}") = "Сoin.DTO", "Сoin.DTO\Сoin.DTO.csproj", "{B5B1A28D-A9B5-4634-BB6A-E673FE34AA20}"
EndProject
Project("{9A19103F-16F7-4668-BE54-9A1E7A4F7556}") = "Сoin.Logic", "Сoin.Logic\Сoin.Logic.csproj", "{00683B42-3AE6-4A11-A8F9-BACBE2CEE1BB}"
EndProject
Project("{9A19103F-16F7-4668-BE54-9A1E7A4F7556}") = "Сoin.Entity", "Сoin.Entity\Сoin.Entity.csproj", "{631227AC-D172-460F-996C-8AE860FC7784}"
EndProject
Global
	GlobalSection(SolutionConfigurationPlatforms) = preSolution
		Debug|Any CPU = Debug|Any CPU
		Debug|ARM = Debug|ARM
		Debug|ARM64 = Debug|ARM64
		Debug|x64 = Debug|x64
		Debug|x86 = Debug|x86
		Release|Any CPU = Release|Any CPU
		Release|ARM = Release|ARM
		Release|ARM64 = Release|ARM64
		Release|x64 = Release|x64
		Release|x86 = Release|x86
	EndGlobalSection
	GlobalSection(ProjectConfigurationPlatforms) = postSolution
		{AF33DFDA-4B7A-4EF2-901D-2338DF152778}.Debug|Any CPU.ActiveCfg = Debug|Any CPU
		{AF33DFDA-4B7A-4EF2-901D-2338DF152778}.Debug|Any CPU.Build.0 = Debug|Any CPU
		{AF33DFDA-4B7A-4EF2-901D-2338DF152778}.Debug|ARM.ActiveCfg = Debug|Any CPU
		{AF33DFDA-4B7A-4EF2-901D-2338DF152778}.Debug|ARM.Build.0 = Debug|Any CPU
		{AF33DFDA-4B7A-4EF2-901D-2338DF152778}.Debug|ARM64.ActiveCfg = Debug|Any CPU
		{AF33DFDA-4B7A-4EF2-901D-2338DF152778}.Debug|ARM64.Build.0 = Debug|Any CPU
		{AF33DFDA-4B7A-4EF2-901D-2338DF152778}.Debug|x64.ActiveCfg = Debug|Any CPU
		{AF33DFDA-4B7A-4EF2-901D-2338DF152778}.Debug|x64.Build.0 = Debug|Any CPU
		{AF33DFDA-4B7A-4EF2-901D-2338DF152778}.Debug|x86.ActiveCfg = Debug|Any CPU
		{AF33DFDA-4B7A-4EF2-901D-2338DF152778}.Debug|x86.Build.0 = Debug|Any CPU
		{AF33DFDA-4B7A-4EF2-901D-2338DF152778}.Release|Any CPU.ActiveCfg = Release|Any CPU
		{AF33DFDA-4B7A-4EF2-901D-2338DF152778}.Release|Any CPU.Build.0 = Release|Any CPU
		{AF33DFDA-4B7A-4EF2-901D-2338DF152778}.Release|ARM.ActiveCfg = Release|Any CPU
		{AF33DFDA-4B7A-4EF2-901D-2338DF152778}.Release|ARM.Build.0 = Release|Any CPU
		{AF33DFDA-4B7A-4EF2-901D-2338DF152778}.Release|ARM64.ActiveCfg = Release|Any CPU
		{AF33DFDA-4B7A-4EF2-901D-2338DF152778}.Release|ARM64.Build.0 = Release|Any CPU
		{AF33DFDA-4B7A-4EF2-901D-2338DF152778}.Release|x64.ActiveCfg = Release|Any CPU
		{AF33DFDA-4B7A-4EF2-901D-2338DF152778}.Release|x64.Build.0 = Release|Any CPU
		{AF33DFDA-4B7A-4EF2-901D-2338DF152778}.Release|x86.ActiveCfg = Release|Any CPU
		{AF33DFDA-4B7A-4EF2-901D-2338DF152778}.Release|x86.Build.0 = Release|Any CPU
		{2A27233B-AEAD-4C26-89B8-B765DBF4C68C}.Debug|Any CPU.ActiveCfg = Debug|Any CPU
		{2A27233B-AEAD-4C26-89B8-B765DBF4C68C}.Debug|Any CPU.Build.0 = Debug|Any CPU
		{2A27233B-AEAD-4C26-89B8-B765DBF4C68C}.Debug|ARM.ActiveCfg = Debug|Any CPU
		{2A27233B-AEAD-4C26-89B8-B765DBF4C68C}.Debug|ARM.Build.0 = Debug|Any CPU
		{2A27233B-AEAD-4C26-89B8-B765DBF4C68C}.Debug|ARM64.ActiveCfg = Debug|Any CPU
		{2A27233B-AEAD-4C26-89B8-B765DBF4C68C}.Debug|ARM64.Build.0 = Debug|Any CPU
		{2A27233B-AEAD-4C26-89B8-B765DBF4C68C}.Debug|x64.ActiveCfg = Debug|Any CPU
		{2A27233B-AEAD-4C26-89B8-B765DBF4C68C}.Debug|x64.Build.0 = Debug|Any CPU
		{2A27233B-AEAD-4C26-89B8-B765DBF4C68C}.Debug|x86.ActiveCfg = Debug|Any CPU
		{2A27233B-AEAD-4C26-89B8-B765DBF4C68C}.Debug|x86.Build.0 = Debug|Any CPU
		{2A27233B-AEAD-4C26-89B8-B765DBF4C68C}.Release|Any CPU.ActiveCfg = Release|Any CPU
		{2A27233B-AEAD-4C26-89B8-B765DBF4C68C}.Release|Any CPU.Build.0 = Release|Any CPU
		{2A27233B-AEAD-4C26-89B8-B765DBF4C68C}.Release|ARM.ActiveCfg = Release|Any CPU
		{2A27233B-AEAD-4C26-89B8-B765DBF4C68C}.Release|ARM.Build.0 = Release|Any CPU
		{2A27233B-AEAD-4C26-89B8-B765DBF4C68C}.Release|ARM64.ActiveCfg = Release|Any CPU
		{2A27233B-AEAD-4C26-89B8-B765DBF4C68C}.Release|ARM64.Build.0 = Release|Any CPU
		{2A27233B-AEAD-4C26-89B8-B765DBF4C68C}.Release|x64.ActiveCfg = Release|Any CPU
		{2A27233B-AEAD-4C26-89B8-B765DBF4C68C}.Release|x64.Build.0 = Release|Any CPU
		{2A27233B-AEAD-4C26-89B8-B765DBF4C68C}.Release|x86.ActiveCfg = Release|Any CPU
		{2A27233B-AEAD-4C26-89B8-B765DBF4C68C}.Release|x86.Build.0 = Release|Any CPU
		{8B89CAEB-689E-4CF7-B110-A4991E176D2E}.Debug|Any CPU.ActiveCfg = Debug|Any CPU
		{8B89CAEB-689E-4CF7-B110-A4991E176D2E}.Debug|Any CPU.Build.0 = Debug|Any CPU
		{8B89CAEB-689E-4CF7-B110-A4991E176D2E}.Debug|ARM.ActiveCfg = Debug|Any CPU
		{8B89CAEB-689E-4CF7-B110-A4991E176D2E}.Debug|ARM.Build.0 = Debug|Any CPU
		{8B89CAEB-689E-4CF7-B110-A4991E176D2E}.Debug|ARM64.ActiveCfg = Debug|Any CPU
		{8B89CAEB-689E-4CF7-B110-A4991E176D2E}.Debug|ARM64.Build.0 = Debug|Any CPU
		{8B89CAEB-689E-4CF7-B110-A4991E176D2E}.Debug|x64.ActiveCfg = Debug|Any CPU
		{8B89CAEB-689E-4CF7-B110-A4991E176D2E}.Debug|x64.Build.0 = Debug|Any CPU
		{8B89CAEB-689E-4CF7-B110-A4991E176D2E}.Debug|x86.ActiveCfg = Debug|Any CPU
		{8B89CAEB-689E-4CF7-B110-A4991E176D2E}.Debug|x86.Build.0 = Debug|Any CPU
		{8B89CAEB-689E-4CF7-B110-A4991E176D2E}.Release|Any CPU.ActiveCfg = Release|Any CPU
		{8B89CAEB-689E-4CF7-B110-A4991E176D2E}.Release|Any CPU.Build.0 = Release|Any CPU
		{8B89CAEB-689E-4CF7-B110-A4991E176D2E}.Release|ARM.ActiveCfg = Release|Any CPU
		{8B89CAEB-689E-4CF7-B110-A4991E176D2E}.Release|ARM.Build.0 = Release|Any CPU
		{8B89CAEB-689E-4CF7-B110-A4991E176D2E}.Release|ARM64.ActiveCfg = Release|Any CPU
		{8B89CAEB-689E-4CF7-B110-A4991E176D2E}.Release|ARM64.Build.0 = Release|Any CPU
		{8B89CAEB-689E-4CF7-B110-A4991E176D2E}.Release|x64.ActiveCfg = Release|Any CPU
		{8B89CAEB-689E-4CF7-B110-A4991E176D2E}.Release|x64.Build.0 = Release|Any CPU
		{8B89CAEB-689E-4CF7-B110-A4991E176D2E}.Release|x86.ActiveCfg = Release|Any CPU
		{8B89CAEB-689E-4CF7-B110-A4991E176D2E}.Release|x86.Build.0 = Release|Any CPU
		{880F9569-0EA8-4C73-B9D5-77FF745250A4}.Debug|Any CPU.ActiveCfg = Debug|Any CPU
		{880F9569-0EA8-4C73-B9D5-77FF745250A4}.Debug|Any CPU.Build.0 = Debug|Any CPU
		{880F9569-0EA8-4C73-B9D5-77FF745250A4}.Debug|ARM.ActiveCfg = Debug|Any CPU
		{880F9569-0EA8-4C73-B9D5-77FF745250A4}.Debug|ARM.Build.0 = Debug|Any CPU
		{880F9569-0EA8-4C73-B9D5-77FF745250A4}.Debug|ARM64.ActiveCfg = Debug|Any CPU
		{880F9569-0EA8-4C73-B9D5-77FF745250A4}.Debug|ARM64.Build.0 = Debug|Any CPU
		{880F9569-0EA8-4C73-B9D5-77FF745250A4}.Debug|x64.ActiveCfg = Debug|Any CPU
		{880F9569-0EA8-4C73-B9D5-77FF745250A4}.Debug|x64.Build.0 = Debug|Any CPU
		{880F9569-0EA8-4C73-B9D5-77FF745250A4}.Debug|x86.ActiveCfg = Debug|Any CPU
		{880F9569-0EA8-4C73-B9D5-77FF745250A4}.Debug|x86.Build.0 = Debug|Any CPU
		{880F9569-0EA8-4C73-B9D5-77FF745250A4}.Release|Any CPU.ActiveCfg = Release|Any CPU
		{880F9569-0EA8-4C73-B9D5-77FF745250A4}.Release|Any CPU.Build.0 = Release|Any CPU
		{880F9569-0EA8-4C73-B9D5-77FF745250A4}.Release|ARM.ActiveCfg = Release|Any CPU
		{880F9569-0EA8-4C73-B9D5-77FF745250A4}.Release|ARM.Build.0 = Release|Any CPU
		{880F9569-0EA8-4C73-B9D5-77FF745250A4}.Release|ARM64.ActiveCfg = Release|Any CPU
		{880F9569-0EA8-4C73-B9D5-77FF745250A4}.Release|ARM64.Build.0 = Release|Any CPU
		{880F9569-0EA8-4C73-B9D5-77FF745250A4}.Release|x64.ActiveCfg = Release|Any CPU
		{880F9569-0EA8-4C73-B9D5-77FF745250A4}.Release|x64.Build.0 = Release|Any CPU
		{880F9569-0EA8-4C73-B9D5-77FF745250A4}.Release|x86.ActiveCfg = Release|Any CPU
		{880F9569-0EA8-4C73-B9D5-77FF745250A4}.Release|x86.Build.0 = Release|Any CPU
		{34E68DF2-070A-47B9-A934-87B8EAC8B1AC}.Debug|Any CPU.ActiveCfg = Debug|Any CPU
		{34E68DF2-070A-47B9-A934-87B8EAC8B1AC}.Debug|Any CPU.Build.0 = Debug|Any CPU
		{34E68DF2-070A-47B9-A934-87B8EAC8B1AC}.Debug|ARM.ActiveCfg = Debug|Any CPU
		{34E68DF2-070A-47B9-A934-87B8EAC8B1AC}.Debug|ARM.Build.0 = Debug|Any CPU
		{34E68DF2-070A-47B9-A934-87B8EAC8B1AC}.Debug|ARM64.ActiveCfg = Debug|Any CPU
		{34E68DF2-070A-47B9-A934-87B8EAC8B1AC}.Debug|ARM64.Build.0 = Debug|Any CPU
		{34E68DF2-070A-47B9-A934-87B8EAC8B1AC}.Debug|x64.ActiveCfg = Debug|Any CPU
		{34E68DF2-070A-47B9-A934-87B8EAC8B1AC}.Debug|x64.Build.0 = Debug|Any CPU
		{34E68DF2-070A-47B9-A934-87B8EAC8B1AC}.Debug|x86.ActiveCfg = Debug|Any CPU
		{34E68DF2-070A-47B9-A934-87B8EAC8B1AC}.Debug|x86.Build.0 = Debug|Any CPU
		{34E68DF2-070A-47B9-A934-87B8EAC8B1AC}.Release|Any CPU.ActiveCfg = Release|Any CPU
		{34E68DF2-070A-47B9-A934-87B8EAC8B1AC}.Release|Any CPU.Build.0 = Release|Any CPU
		{34E68DF2-070A-47B9-A934-87B8EAC8B1AC}.Release|ARM.ActiveCfg = Release|Any CPU
		{34E68DF2-070A-47B9-A934-87B8EAC8B1AC}.Release|ARM.Build.0 = Release|Any CPU
		{34E68DF2-070A-47B9-A934-87B8EAC8B1AC}.Release|ARM64.ActiveCfg = Release|Any CPU
		{34E68DF2-070A-47B9-A934-87B8EAC8B1AC}.Release|ARM64.Build.0 = Release|Any CPU
		{34E68DF2-070A-47B9-A934-87B8EAC8B1AC}.Release|x64.ActiveCfg = Release|Any CPU
		{34E68DF2-070A-47B9-A934-87B8EAC8B1AC}.Release|x64.Build.0 = Release|Any CPU
		{34E68DF2-070A-47B9-A934-87B8EAC8B1AC}.Release|x86.ActiveCfg = Release|Any CPU
		{34E68DF2-070A-47B9-A934-87B8EAC8B1AC}.Release|x86.Build.0 = Release|Any CPU
		{81F9897F-8B88-4265-BBA9-7662B45BD2DF}.Debug|Any CPU.ActiveCfg = Debug|Any CPU
		{81F9897F-8B88-4265-BBA9-7662B45BD2DF}.Debug|Any CPU.Build.0 = Debug|Any CPU
		{81F9897F-8B88-4265-BBA9-7662B45BD2DF}.Debug|ARM.ActiveCfg = Debug|Any CPU
		{81F9897F-8B88-4265-BBA9-7662B45BD2DF}.Debug|ARM.Build.0 = Debug|Any CPU
		{81F9897F-8B88-4265-BBA9-7662B45BD2DF}.Debug|ARM64.ActiveCfg = Debug|Any CPU
		{81F9897F-8B88-4265-BBA9-7662B45BD2DF}.Debug|ARM64.Build.0 = Debug|Any CPU
		{81F9897F-8B88-4265-BBA9-7662B45BD2DF}.Debug|x64.ActiveCfg = Debug|Any CPU
		{81F9897F-8B88-4265-BBA9-7662B45BD2DF}.Debug|x64.Build.0 = Debug|Any CPU
		{81F9897F-8B88-4265-BBA9-7662B45BD2DF}.Debug|x86.ActiveCfg = Debug|Any CPU
		{81F9897F-8B88-4265-BBA9-7662B45BD2DF}.Debug|x86.Build.0 = Debug|Any CPU
		{81F9897F-8B88-4265-BBA9-7662B45BD2DF}.Release|Any CPU.ActiveCfg = Release|Any CPU
		{81F9897F-8B88-4265-BBA9-7662B45BD2DF}.Release|Any CPU.Build.0 = Release|Any CPU
		{81F9897F-8B88-4265-BBA9-7662B45BD2DF}.Release|ARM.ActiveCfg = Release|Any CPU
		{81F9897F-8B88-4265-BBA9-7662B45BD2DF}.Release|ARM.Build.0 = Release|Any CPU
		{81F9897F-8B88-4265-BBA9-7662B45BD2DF}.Release|ARM64.ActiveCfg = Release|Any CPU
		{81F9897F-8B88-4265-BBA9-7662B45BD2DF}.Release|ARM64.Build.0 = Release|Any CPU
		{81F9897F-8B88-4265-BBA9-7662B45BD2DF}.Release|x64.ActiveCfg = Release|Any CPU
		{81F9897F-8B88-4265-BBA9-7662B45BD2DF}.Release|x64.Build.0 = Release|Any CPU
		{81F9897F-8B88-4265-BBA9-7662B45BD2DF}.Release|x86.ActiveCfg = Release|Any CPU
		{81F9897F-8B88-4265-BBA9-7662B45BD2DF}.Release|x86.Build.0 = Release|Any CPU
		{08F190F8-B3AD-423C-A26A-C5E349F4333E}.Debug|Any CPU.ActiveCfg = Debug|Any CPU
		{08F190F8-B3AD-423C-A26A-C5E349F4333E}.Debug|Any CPU.Build.0 = Debug|Any CPU
		{08F190F8-B3AD-423C-A26A-C5E349F4333E}.Debug|ARM.ActiveCfg = Debug|Any CPU
		{08F190F8-B3AD-423C-A26A-C5E349F4333E}.Debug|ARM.Build.0 = Debug|Any CPU
		{08F190F8-B3AD-423C-A26A-C5E349F4333E}.Debug|ARM64.ActiveCfg = Debug|Any CPU
		{08F190F8-B3AD-423C-A26A-C5E349F4333E}.Debug|ARM64.Build.0 = Debug|Any CPU
		{08F190F8-B3AD-423C-A26A-C5E349F4333E}.Debug|x64.ActiveCfg = Debug|Any CPU
		{08F190F8-B3AD-423C-A26A-C5E349F4333E}.Debug|x64.Build.0 = Debug|Any CPU
		{08F190F8-B3AD-423C-A26A-C5E349F4333E}.Debug|x86.ActiveCfg = Debug|Any CPU
		{08F190F8-B3AD-423C-A26A-C5E349F4333E}.Debug|x86.Build.0 = Debug|Any CPU
		{08F190F8-B3AD-423C-A26A-C5E349F4333E}.Release|Any CPU.ActiveCfg = Release|Any CPU
		{08F190F8-B3AD-423C-A26A-C5E349F4333E}.Release|Any CPU.Build.0 = Release|Any CPU
		{08F190F8-B3AD-423C-A26A-C5E349F4333E}.Release|ARM.ActiveCfg = Release|Any CPU
		{08F190F8-B3AD-423C-A26A-C5E349F4333E}.Release|ARM.Build.0 = Release|Any CPU
		{08F190F8-B3AD-423C-A26A-C5E349F4333E}.Release|ARM64.ActiveCfg = Release|Any CPU
		{08F190F8-B3AD-423C-A26A-C5E349F4333E}.Release|ARM64.Build.0 = Release|Any CPU
		{08F190F8-B3AD-423C-A26A-C5E349F4333E}.Release|x64.ActiveCfg = Release|Any CPU
		{08F190F8-B3AD-423C-A26A-C5E349F4333E}.Release|x64.Build.0 = Release|Any CPU
		{08F190F8-B3AD-423C-A26A-C5E349F4333E}.Release|x86.ActiveCfg = Release|Any CPU
		{08F190F8-B3AD-423C-A26A-C5E349F4333E}.Release|x86.Build.0 = Release|Any CPU
		{CBDD5E51-B229-41D7-A379-66AB3CE38E28}.Debug|Any CPU.ActiveCfg = Debug|Any CPU
		{CBDD5E51-B229-41D7-A379-66AB3CE38E28}.Debug|Any CPU.Build.0 = Debug|Any CPU
		{CBDD5E51-B229-41D7-A379-66AB3CE38E28}.Debug|ARM.ActiveCfg = Debug|Any CPU
		{CBDD5E51-B229-41D7-A379-66AB3CE38E28}.Debug|ARM.Build.0 = Debug|Any CPU
		{CBDD5E51-B229-41D7-A379-66AB3CE38E28}.Debug|ARM64.ActiveCfg = Debug|Any CPU
		{CBDD5E51-B229-41D7-A379-66AB3CE38E28}.Debug|ARM64.Build.0 = Debug|Any CPU
		{CBDD5E51-B229-41D7-A379-66AB3CE38E28}.Debug|x64.ActiveCfg = Debug|Any CPU
		{CBDD5E51-B229-41D7-A379-66AB3CE38E28}.Debug|x64.Build.0 = Debug|Any CPU
		{CBDD5E51-B229-41D7-A379-66AB3CE38E28}.Debug|x86.ActiveCfg = Debug|Any CPU
		{CBDD5E51-B229-41D7-A379-66AB3CE38E28}.Debug|x86.Build.0 = Debug|Any CPU
		{CBDD5E51-B229-41D7-A379-66AB3CE38E28}.Release|Any CPU.ActiveCfg = Release|Any CPU
		{CBDD5E51-B229-41D7-A379-66AB3CE38E28}.Release|Any CPU.Build.0 = Release|Any CPU
		{CBDD5E51-B229-41D7-A379-66AB3CE38E28}.Release|ARM.ActiveCfg = Release|Any CPU
		{CBDD5E51-B229-41D7-A379-66AB3CE38E28}.Release|ARM.Build.0 = Release|Any CPU
		{CBDD5E51-B229-41D7-A379-66AB3CE38E28}.Release|ARM64.ActiveCfg = Release|Any CPU
		{CBDD5E51-B229-41D7-A379-66AB3CE38E28}.Release|ARM64.Build.0 = Release|Any CPU
		{CBDD5E51-B229-41D7-A379-66AB3CE38E28}.Release|x64.ActiveCfg = Release|Any CPU
		{CBDD5E51-B229-41D7-A379-66AB3CE38E28}.Release|x64.Build.0 = Release|Any CPU
		{CBDD5E51-B229-41D7-A379-66AB3CE38E28}.Release|x86.ActiveCfg = Release|Any CPU
		{CBDD5E51-B229-41D7-A379-66AB3CE38E28}.Release|x86.Build.0 = Release|Any CPU
		{53A33E7A-3EC3-4BC5-BF0B-4B187CC673E0}.Debug|Any CPU.ActiveCfg = Debug|Any CPU
		{53A33E7A-3EC3-4BC5-BF0B-4B187CC673E0}.Debug|Any CPU.Build.0 = Debug|Any CPU
		{53A33E7A-3EC3-4BC5-BF0B-4B187CC673E0}.Debug|ARM.ActiveCfg = Debug|Any CPU
		{53A33E7A-3EC3-4BC5-BF0B-4B187CC673E0}.Debug|ARM.Build.0 = Debug|Any CPU
		{53A33E7A-3EC3-4BC5-BF0B-4B187CC673E0}.Debug|ARM64.ActiveCfg = Debug|Any CPU
		{53A33E7A-3EC3-4BC5-BF0B-4B187CC673E0}.Debug|ARM64.Build.0 = Debug|Any CPU
		{53A33E7A-3EC3-4BC5-BF0B-4B187CC673E0}.Debug|x64.ActiveCfg = Debug|Any CPU
		{53A33E7A-3EC3-4BC5-BF0B-4B187CC673E0}.Debug|x64.Build.0 = Debug|Any CPU
		{53A33E7A-3EC3-4BC5-BF0B-4B187CC673E0}.Debug|x86.ActiveCfg = Debug|Any CPU
		{53A33E7A-3EC3-4BC5-BF0B-4B187CC673E0}.Debug|x86.Build.0 = Debug|Any CPU
		{53A33E7A-3EC3-4BC5-BF0B-4B187CC673E0}.Release|Any CPU.ActiveCfg = Release|Any CPU
		{53A33E7A-3EC3-4BC5-BF0B-4B187CC673E0}.Release|Any CPU.Build.0 = Release|Any CPU
		{53A33E7A-3EC3-4BC5-BF0B-4B187CC673E0}.Release|ARM.ActiveCfg = Release|Any CPU
		{53A33E7A-3EC3-4BC5-BF0B-4B187CC673E0}.Release|ARM.Build.0 = Release|Any CPU
		{53A33E7A-3EC3-4BC5-BF0B-4B187CC673E0}.Release|ARM64.ActiveCfg = Release|Any CPU
		{53A33E7A-3EC3-4BC5-BF0B-4B187CC673E0}.Release|ARM64.Build.0 = Release|Any CPU
		{53A33E7A-3EC3-4BC5-BF0B-4B187CC673E0}.Release|x64.ActiveCfg = Release|Any CPU
		{53A33E7A-3EC3-4BC5-BF0B-4B187CC673E0}.Release|x64.Build.0 = Release|Any CPU
		{53A33E7A-3EC3-4BC5-BF0B-4B187CC673E0}.Release|x86.ActiveCfg = Release|Any CPU
		{53A33E7A-3EC3-4BC5-BF0B-4B187CC673E0}.Release|x86.Build.0 = Release|Any CPU
		{FB5180F5-8025-457F-B175-D881647252EB}.Debug|Any CPU.ActiveCfg = Debug|Any CPU
		{FB5180F5-8025-457F-B175-D881647252EB}.Debug|Any CPU.Build.0 = Debug|Any CPU
		{FB5180F5-8025-457F-B175-D881647252EB}.Debug|ARM.ActiveCfg = Debug|Any CPU
		{FB5180F5-8025-457F-B175-D881647252EB}.Debug|ARM.Build.0 = Debug|Any CPU
		{FB5180F5-8025-457F-B175-D881647252EB}.Debug|ARM64.ActiveCfg = Debug|Any CPU
		{FB5180F5-8025-457F-B175-D881647252EB}.Debug|ARM64.Build.0 = Debug|Any CPU
		{FB5180F5-8025-457F-B175-D881647252EB}.Debug|x64.ActiveCfg = Debug|Any CPU
		{FB5180F5-8025-457F-B175-D881647252EB}.Debug|x64.Build.0 = Debug|Any CPU
		{FB5180F5-8025-457F-B175-D881647252EB}.Debug|x86.ActiveCfg = Debug|Any CPU
		{FB5180F5-8025-457F-B175-D881647252EB}.Debug|x86.Build.0 = Debug|Any CPU
		{FB5180F5-8025-457F-B175-D881647252EB}.Release|Any CPU.ActiveCfg = Release|Any CPU
		{FB5180F5-8025-457F-B175-D881647252EB}.Release|Any CPU.Build.0 = Release|Any CPU
		{FB5180F5-8025-457F-B175-D881647252EB}.Release|ARM.ActiveCfg = Release|Any CPU
		{FB5180F5-8025-457F-B175-D881647252EB}.Release|ARM.Build.0 = Release|Any CPU
		{FB5180F5-8025-457F-B175-D881647252EB}.Release|ARM64.ActiveCfg = Release|Any CPU
		{FB5180F5-8025-457F-B175-D881647252EB}.Release|ARM64.Build.0 = Release|Any CPU
		{FB5180F5-8025-457F-B175-D881647252EB}.Release|x64.ActiveCfg = Release|Any CPU
		{FB5180F5-8025-457F-B175-D881647252EB}.Release|x64.Build.0 = Release|Any CPU
		{FB5180F5-8025-457F-B175-D881647252EB}.Release|x86.ActiveCfg = Release|Any CPU
		{FB5180F5-8025-457F-B175-D881647252EB}.Release|x86.Build.0 = Release|Any CPU
		{0BB21823-B345-4524-9C56-37AA2DA595B3}.Debug|Any CPU.ActiveCfg = Debug|Any CPU
		{0BB21823-B345-4524-9C56-37AA2DA595B3}.Debug|Any CPU.Build.0 = Debug|Any CPU
		{0BB21823-B345-4524-9C56-37AA2DA595B3}.Debug|ARM.ActiveCfg = Debug|Any CPU
		{0BB21823-B345-4524-9C56-37AA2DA595B3}.Debug|ARM.Build.0 = Debug|Any CPU
		{0BB21823-B345-4524-9C56-37AA2DA595B3}.Debug|ARM64.ActiveCfg = Debug|Any CPU
		{0BB21823-B345-4524-9C56-37AA2DA595B3}.Debug|ARM64.Build.0 = Debug|Any CPU
		{0BB21823-B345-4524-9C56-37AA2DA595B3}.Debug|x64.ActiveCfg = Debug|Any CPU
		{0BB21823-B345-4524-9C56-37AA2DA595B3}.Debug|x64.Build.0 = Debug|Any CPU
		{0BB21823-B345-4524-9C56-37AA2DA595B3}.Debug|x86.ActiveCfg = Debug|Any CPU
		{0BB21823-B345-4524-9C56-37AA2DA595B3}.Debug|x86.Build.0 = Debug|Any CPU
		{0BB21823-B345-4524-9C56-37AA2DA595B3}.Release|Any CPU.ActiveCfg = Release|Any CPU
		{0BB21823-B345-4524-9C56-37AA2DA595B3}.Release|Any CPU.Build.0 = Release|Any CPU
		{0BB21823-B345-4524-9C56-37AA2DA595B3}.Release|ARM.ActiveCfg = Release|Any CPU
		{0BB21823-B345-4524-9C56-37AA2DA595B3}.Release|ARM.Build.0 = Release|Any CPU
		{0BB21823-B345-4524-9C56-37AA2DA595B3}.Release|ARM64.ActiveCfg = Release|Any CPU
		{0BB21823-B345-4524-9C56-37AA2DA595B3}.Release|ARM64.Build.0 = Release|Any CPU
		{0BB21823-B345-4524-9C56-37AA2DA595B3}.Release|x64.ActiveCfg = Release|Any CPU
		{0BB21823-B345-4524-9C56-37AA2DA595B3}.Release|x64.Build.0 = Release|Any CPU
		{0BB21823-B345-4524-9C56-37AA2DA595B3}.Release|x86.ActiveCfg = Release|Any CPU
		{0BB21823-B345-4524-9C56-37AA2DA595B3}.Release|x86.Build.0 = Release|Any CPU
		{1E4A1B31-43E0-454E-BE65-5FDB0F47C7FA}.Debug|Any CPU.ActiveCfg = Debug|Any CPU
		{1E4A1B31-43E0-454E-BE65-5FDB0F47C7FA}.Debug|Any CPU.Build.0 = Debug|Any CPU
		{1E4A1B31-43E0-454E-BE65-5FDB0F47C7FA}.Debug|ARM.ActiveCfg = Debug|Any CPU
		{1E4A1B31-43E0-454E-BE65-5FDB0F47C7FA}.Debug|ARM.Build.0 = Debug|Any CPU
		{1E4A1B31-43E0-454E-BE65-5FDB0F47C7FA}.Debug|ARM64.ActiveCfg = Debug|Any CPU
		{1E4A1B31-43E0-454E-BE65-5FDB0F47C7FA}.Debug|ARM64.Build.0 = Debug|Any CPU
		{1E4A1B31-43E0-454E-BE65-5FDB0F47C7FA}.Debug|x64.ActiveCfg = Debug|Any CPU
		{1E4A1B31-43E0-454E-BE65-5FDB0F47C7FA}.Debug|x64.Build.0 = Debug|Any CPU
		{1E4A1B31-43E0-454E-BE65-5FDB0F47C7FA}.Debug|x86.ActiveCfg = Debug|Any CPU
		{1E4A1B31-43E0-454E-BE65-5FDB0F47C7FA}.Debug|x86.Build.0 = Debug|Any CPU
		{1E4A1B31-43E0-454E-BE65-5FDB0F47C7FA}.Release|Any CPU.ActiveCfg = Release|Any CPU
		{1E4A1B31-43E0-454E-BE65-5FDB0F47C7FA}.Release|Any CPU.Build.0 = Release|Any CPU
		{1E4A1B31-43E0-454E-BE65-5FDB0F47C7FA}.Release|ARM.ActiveCfg = Release|Any CPU
		{1E4A1B31-43E0-454E-BE65-5FDB0F47C7FA}.Release|ARM.Build.0 = Release|Any CPU
		{1E4A1B31-43E0-454E-BE65-5FDB0F47C7FA}.Release|ARM64.ActiveCfg = Release|Any CPU
		{1E4A1B31-43E0-454E-BE65-5FDB0F47C7FA}.Release|ARM64.Build.0 = Release|Any CPU
		{1E4A1B31-43E0-454E-BE65-5FDB0F47C7FA}.Release|x64.ActiveCfg = Release|Any CPU
		{1E4A1B31-43E0-454E-BE65-5FDB0F47C7FA}.Release|x64.Build.0 = Release|Any CPU
		{1E4A1B31-43E0-454E-BE65-5FDB0F47C7FA}.Release|x86.ActiveCfg = Release|Any CPU
		{1E4A1B31-43E0-454E-BE65-5FDB0F47C7FA}.Release|x86.Build.0 = Release|Any CPU
		{DF7DA9B1-F4C9-48A1-9EC2-9EBFD4C0AE30}.Debug|Any CPU.ActiveCfg = Debug|Any CPU
		{DF7DA9B1-F4C9-48A1-9EC2-9EBFD4C0AE30}.Debug|Any CPU.Build.0 = Debug|Any CPU
		{DF7DA9B1-F4C9-48A1-9EC2-9EBFD4C0AE30}.Debug|ARM.ActiveCfg = Debug|Any CPU
		{DF7DA9B1-F4C9-48A1-9EC2-9EBFD4C0AE30}.Debug|ARM.Build.0 = Debug|Any CPU
		{DF7DA9B1-F4C9-48A1-9EC2-9EBFD4C0AE30}.Debug|ARM64.ActiveCfg = Debug|Any CPU
		{DF7DA9B1-F4C9-48A1-9EC2-9EBFD4C0AE30}.Debug|ARM64.Build.0 = Debug|Any CPU
		{DF7DA9B1-F4C9-48A1-9EC2-9EBFD4C0AE30}.Debug|x64.ActiveCfg = Debug|Any CPU
		{DF7DA9B1-F4C9-48A1-9EC2-9EBFD4C0AE30}.Debug|x64.Build.0 = Debug|Any CPU
		{DF7DA9B1-F4C9-48A1-9EC2-9EBFD4C0AE30}.Debug|x86.ActiveCfg = Debug|Any CPU
		{DF7DA9B1-F4C9-48A1-9EC2-9EBFD4C0AE30}.Debug|x86.Build.0 = Debug|Any CPU
		{DF7DA9B1-F4C9-48A1-9EC2-9EBFD4C0AE30}.Release|Any CPU.ActiveCfg = Release|Any CPU
		{DF7DA9B1-F4C9-48A1-9EC2-9EBFD4C0AE30}.Release|Any CPU.Build.0 = Release|Any CPU
		{DF7DA9B1-F4C9-48A1-9EC2-9EBFD4C0AE30}.Release|ARM.ActiveCfg = Release|Any CPU
		{DF7DA9B1-F4C9-48A1-9EC2-9EBFD4C0AE30}.Release|ARM.Build.0 = Release|Any CPU
		{DF7DA9B1-F4C9-48A1-9EC2-9EBFD4C0AE30}.Release|ARM64.ActiveCfg = Release|Any CPU
		{DF7DA9B1-F4C9-48A1-9EC2-9EBFD4C0AE30}.Release|ARM64.Build.0 = Release|Any CPU
		{DF7DA9B1-F4C9-48A1-9EC2-9EBFD4C0AE30}.Release|x64.ActiveCfg = Release|Any CPU
		{DF7DA9B1-F4C9-48A1-9EC2-9EBFD4C0AE30}.Release|x64.Build.0 = Release|Any CPU
		{DF7DA9B1-F4C9-48A1-9EC2-9EBFD4C0AE30}.Release|x86.ActiveCfg = Release|Any CPU
		{DF7DA9B1-F4C9-48A1-9EC2-9EBFD4C0AE30}.Release|x86.Build.0 = Release|Any CPU
		{B5B1A28D-A9B5-4634-BB6A-E673FE34AA20}.Debug|Any CPU.ActiveCfg = Debug|Any CPU
		{B5B1A28D-A9B5-4634-BB6A-E673FE34AA20}.Debug|Any CPU.Build.0 = Debug|Any CPU
		{B5B1A28D-A9B5-4634-BB6A-E673FE34AA20}.Debug|ARM.ActiveCfg = Debug|Any CPU
		{B5B1A28D-A9B5-4634-BB6A-E673FE34AA20}.Debug|ARM.Build.0 = Debug|Any CPU
		{B5B1A28D-A9B5-4634-BB6A-E673FE34AA20}.Debug|ARM64.ActiveCfg = Debug|Any CPU
		{B5B1A28D-A9B5-4634-BB6A-E673FE34AA20}.Debug|ARM64.Build.0 = Debug|Any CPU
		{B5B1A28D-A9B5-4634-BB6A-E673FE34AA20}.Debug|x64.ActiveCfg = Debug|Any CPU
		{B5B1A28D-A9B5-4634-BB6A-E673FE34AA20}.Debug|x64.Build.0 = Debug|Any CPU
		{B5B1A28D-A9B5-4634-BB6A-E673FE34AA20}.Debug|x86.ActiveCfg = Debug|Any CPU
		{B5B1A28D-A9B5-4634-BB6A-E673FE34AA20}.Debug|x86.Build.0 = Debug|Any CPU
		{B5B1A28D-A9B5-4634-BB6A-E673FE34AA20}.Release|Any CPU.ActiveCfg = Release|Any CPU
		{B5B1A28D-A9B5-4634-BB6A-E673FE34AA20}.Release|Any CPU.Build.0 = Release|Any CPU
		{B5B1A28D-A9B5-4634-BB6A-E673FE34AA20}.Release|ARM.ActiveCfg = Release|Any CPU
		{B5B1A28D-A9B5-4634-BB6A-E673FE34AA20}.Release|ARM.Build.0 = Release|Any CPU
		{B5B1A28D-A9B5-4634-BB6A-E673FE34AA20}.Release|ARM64.ActiveCfg = Release|Any CPU
		{B5B1A28D-A9B5-4634-BB6A-E673FE34AA20}.Release|ARM64.Build.0 = Release|Any CPU
		{B5B1A28D-A9B5-4634-BB6A-E673FE34AA20}.Release|x64.ActiveCfg = Release|Any CPU
		{B5B1A28D-A9B5-4634-BB6A-E673FE34AA20}.Release|x64.Build.0 = Release|Any CPU
		{B5B1A28D-A9B5-4634-BB6A-E673FE34AA20}.Release|x86.ActiveCfg = Release|Any CPU
		{B5B1A28D-A9B5-4634-BB6A-E673FE34AA20}.Release|x86.Build.0 = Release|Any CPU
		{00683B42-3AE6-4A11-A8F9-BACBE2CEE1BB}.Debug|Any CPU.ActiveCfg = Debug|Any CPU
		{00683B42-3AE6-4A11-A8F9-BACBE2CEE1BB}.Debug|Any CPU.Build.0 = Debug|Any CPU
		{00683B42-3AE6-4A11-A8F9-BACBE2CEE1BB}.Debug|ARM.ActiveCfg = Debug|Any CPU
		{00683B42-3AE6-4A11-A8F9-BACBE2CEE1BB}.Debug|ARM.Build.0 = Debug|Any CPU
		{00683B42-3AE6-4A11-A8F9-BACBE2CEE1BB}.Debug|ARM64.ActiveCfg = Debug|Any CPU
		{00683B42-3AE6-4A11-A8F9-BACBE2CEE1BB}.Debug|ARM64.Build.0 = Debug|Any CPU
		{00683B42-3AE6-4A11-A8F9-BACBE2CEE1BB}.Debug|x64.ActiveCfg = Debug|Any CPU
		{00683B42-3AE6-4A11-A8F9-BACBE2CEE1BB}.Debug|x64.Build.0 = Debug|Any CPU
		{00683B42-3AE6-4A11-A8F9-BACBE2CEE1BB}.Debug|x86.ActiveCfg = Debug|Any CPU
		{00683B42-3AE6-4A11-A8F9-BACBE2CEE1BB}.Debug|x86.Build.0 = Debug|Any CPU
		{00683B42-3AE6-4A11-A8F9-BACBE2CEE1BB}.Release|Any CPU.ActiveCfg = Release|Any CPU
		{00683B42-3AE6-4A11-A8F9-BACBE2CEE1BB}.Release|Any CPU.Build.0 = Release|Any CPU
		{00683B42-3AE6-4A11-A8F9-BACBE2CEE1BB}.Release|ARM.ActiveCfg = Release|Any CPU
		{00683B42-3AE6-4A11-A8F9-BACBE2CEE1BB}.Release|ARM.Build.0 = Release|Any CPU
		{00683B42-3AE6-4A11-A8F9-BACBE2CEE1BB}.Release|ARM64.ActiveCfg = Release|Any CPU
		{00683B42-3AE6-4A11-A8F9-BACBE2CEE1BB}.Release|ARM64.Build.0 = Release|Any CPU
		{00683B42-3AE6-4A11-A8F9-BACBE2CEE1BB}.Release|x64.ActiveCfg = Release|Any CPU
		{00683B42-3AE6-4A11-A8F9-BACBE2CEE1BB}.Release|x64.Build.0 = Release|Any CPU
		{00683B42-3AE6-4A11-A8F9-BACBE2CEE1BB}.Release|x86.ActiveCfg = Release|Any CPU
		{00683B42-3AE6-4A11-A8F9-BACBE2CEE1BB}.Release|x86.Build.0 = Release|Any CPU
		{631227AC-D172-460F-996C-8AE860FC7784}.Debug|Any CPU.ActiveCfg = Debug|Any CPU
		{631227AC-D172-460F-996C-8AE860FC7784}.Debug|Any CPU.Build.0 = Debug|Any CPU
		{631227AC-D172-460F-996C-8AE860FC7784}.Debug|ARM.ActiveCfg = Debug|Any CPU
		{631227AC-D172-460F-996C-8AE860FC7784}.Debug|ARM.Build.0 = Debug|Any CPU
		{631227AC-D172-460F-996C-8AE860FC7784}.Debug|ARM64.ActiveCfg = Debug|Any CPU
		{631227AC-D172-460F-996C-8AE860FC7784}.Debug|ARM64.Build.0 = Debug|Any CPU
		{631227AC-D172-460F-996C-8AE860FC7784}.Debug|x64.ActiveCfg = Debug|Any CPU
		{631227AC-D172-460F-996C-8AE860FC7784}.Debug|x64.Build.0 = Debug|Any CPU
		{631227AC-D172-460F-996C-8AE860FC7784}.Debug|x86.ActiveCfg = Debug|Any CPU
		{631227AC-D172-460F-996C-8AE860FC7784}.Debug|x86.Build.0 = Debug|Any CPU
		{631227AC-D172-460F-996C-8AE860FC7784}.Release|Any CPU.ActiveCfg = Release|Any CPU
		{631227AC-D172-460F-996C-8AE860FC7784}.Release|Any CPU.Build.0 = Release|Any CPU
		{631227AC-D172-460F-996C-8AE860FC7784}.Release|ARM.ActiveCfg = Release|Any CPU
		{631227AC-D172-460F-996C-8AE860FC7784}.Release|ARM.Build.0 = Release|Any CPU
		{631227AC-D172-460F-996C-8AE860FC7784}.Release|ARM64.ActiveCfg = Release|Any CPU
		{631227AC-D172-460F-996C-8AE860FC7784}.Release|ARM64.Build.0 = Release|Any CPU
		{631227AC-D172-460F-996C-8AE860FC7784}.Release|x64.ActiveCfg = Release|Any CPU
		{631227AC-D172-460F-996C-8AE860FC7784}.Release|x64.Build.0 = Release|Any CPU
		{631227AC-D172-460F-996C-8AE860FC7784}.Release|x86.ActiveCfg = Release|Any CPU
		{631227AC-D172-460F-996C-8AE860FC7784}.Release|x86.Build.0 = Release|Any CPU
	EndGlobalSection
	GlobalSection(SolutionProperties) = preSolution
		HideSolutionNode = FALSE
	EndGlobalSection
	GlobalSection(NestedProjects) = preSolution
		{AF33DFDA-4B7A-4EF2-901D-2338DF152778} = {22F9F14E-E405-44F4-A91A-4E7F5C182949}
		{2A27233B-AEAD-4C26-89B8-B765DBF4C68C} = {22F9F14E-E405-44F4-A91A-4E7F5C182949}
		{8B89CAEB-689E-4CF7-B110-A4991E176D2E} = {22F9F14E-E405-44F4-A91A-4E7F5C182949}
		{880F9569-0EA8-4C73-B9D5-77FF745250A4} = {22F9F14E-E405-44F4-A91A-4E7F5C182949}
		{34E68DF2-070A-47B9-A934-87B8EAC8B1AC} = {22F9F14E-E405-44F4-A91A-4E7F5C182949}
		{81F9897F-8B88-4265-BBA9-7662B45BD2DF} = {22F9F14E-E405-44F4-A91A-4E7F5C182949}
		{08F190F8-B3AD-423C-A26A-C5E349F4333E} = {CAD4374F-4B19-4567-A667-68A2AE7B116F}
		{CBDD5E51-B229-41D7-A379-66AB3CE38E28} = {CAD4374F-4B19-4567-A667-68A2AE7B116F}
		{53A33E7A-3EC3-4BC5-BF0B-4B187CC673E0} = {CAD4374F-4B19-4567-A667-68A2AE7B116F}
		{FB5180F5-8025-457F-B175-D881647252EB} = {CAD4374F-4B19-4567-A667-68A2AE7B116F}
		{0BB21823-B345-4524-9C56-37AA2DA595B3} = {2A8E2544-367F-4185-ADCA-16862EB0D761}
		{1E4A1B31-43E0-454E-BE65-5FDB0F47C7FA} = {2A8E2544-367F-4185-ADCA-16862EB0D761}
		{DF7DA9B1-F4C9-48A1-9EC2-9EBFD4C0AE30} = {2A8E2544-367F-4185-ADCA-16862EB0D761}
		{B5B1A28D-A9B5-4634-BB6A-E673FE34AA20} = {2A8E2544-367F-4185-ADCA-16862EB0D761}
		{00683B42-3AE6-4A11-A8F9-BACBE2CEE1BB} = {2A8E2544-367F-4185-ADCA-16862EB0D761}
		{631227AC-D172-460F-996C-8AE860FC7784} = {2A8E2544-367F-4185-ADCA-16862EB0D761}
	EndGlobalSection
	GlobalSection(ExtensibilityGlobals) = postSolution
		SolutionGuid = {4BD55FD4-0FBF-4406-A285-2B4CA8B0B237}
	EndGlobalSection
EndGlobal
